
Microsoft Visual Studio Solution File, Format Version 12.00
# Visual Studio 2015
Project("{FAE04EC0-301F-11D3-BF4B-00C04F79EFBC}") = "AoA2017.Plugins", "AoA2017.Plugins.csproj", "{C6F681F1-0C75-FEEA-04A4-32B1202B3AE5}"
EndProject
Project("{FAE04EC0-301F-11D3-BF4B-00C04F79EFBC}") = "AoA2017", "AoA2017.csproj", "{455FC9E7-A5AA-B05D-4923-D1BAB2359D94}"
EndProject
Project("{FAE04EC0-301F-11D3-BF4B-00C04F79EFBC}") = "AoA2017.Editor", "AoA2017.Editor.csproj", "{BBCA4337-ACD2-1EDC-5914-BD835C81AD02}"
EndProject
Project("{FAE04EC0-301F-11D3-BF4B-00C04F79EFBC}") = "AoA2017.Editor.Plugins", "AoA2017.Editor.Plugins.csproj", "{11598293-2E09-27FF-CE8B-14DEB830A26A}"
EndProject
Global
	GlobalSection(SolutionConfigurationPlatforms) = preSolution
		Debug|Any CPU = Debug|Any CPU
		Release|Any CPU = Release|Any CPU
	EndGlobalSection
	GlobalSection(ProjectConfigurationPlatforms) = postSolution
		{C6F681F1-0C75-FEEA-04A4-32B1202B3AE5}.Debug|Any CPU.ActiveCfg = Debug|Any CPU
		{C6F681F1-0C75-FEEA-04A4-32B1202B3AE5}.Debug|Any CPU.Build.0 = Debug|Any CPU
		{C6F681F1-0C75-FEEA-04A4-32B1202B3AE5}.Release|Any CPU.ActiveCfg = Release|Any CPU
		{C6F681F1-0C75-FEEA-04A4-32B1202B3AE5}.Release|Any CPU.Build.0 = Release|Any CPU
		{455FC9E7-A5AA-B05D-4923-D1BAB2359D94}.Debug|Any CPU.ActiveCfg = Debug|Any CPU
		{455FC9E7-A5AA-B05D-4923-D1BAB2359D94}.Debug|Any CPU.Build.0 = Debug|Any CPU
		{455FC9E7-A5AA-B05D-4923-D1BAB2359D94}.Release|Any CPU.ActiveCfg = Release|Any CPU
		{455FC9E7-A5AA-B05D-4923-D1BAB2359D94}.Release|Any CPU.Build.0 = Release|Any CPU
		{BBCA4337-ACD2-1EDC-5914-BD835C81AD02}.Debug|Any CPU.ActiveCfg = Debug|Any CPU
		{BBCA4337-ACD2-1EDC-5914-BD835C81AD02}.Debug|Any CPU.Build.0 = Debug|Any CPU
		{BBCA4337-ACD2-1EDC-5914-BD835C81AD02}.Release|Any CPU.ActiveCfg = Release|Any CPU
		{BBCA4337-ACD2-1EDC-5914-BD835C81AD02}.Release|Any CPU.Build.0 = Release|Any CPU
		{11598293-2E09-27FF-CE8B-14DEB830A26A}.Debug|Any CPU.ActiveCfg = Debug|Any CPU
		{11598293-2E09-27FF-CE8B-14DEB830A26A}.Debug|Any CPU.Build.0 = Debug|Any CPU
		{11598293-2E09-27FF-CE8B-14DEB830A26A}.Release|Any CPU.ActiveCfg = Release|Any CPU
		{11598293-2E09-27FF-CE8B-14DEB830A26A}.Release|Any CPU.Build.0 = Release|Any CPU
	EndGlobalSection
	GlobalSection(SolutionProperties) = preSolution
		HideSolutionNode = FALSE
	EndGlobalSection
EndGlobal
